// !$*UTF8*$!
{
	archiveVersion = 1;
	classes = {
	};
	objectVersion = 56;
	objects = {

/* Begin PBXBuildFile section */
		3A13B37F2A94C56000545992 /* AppDelegate.swift in Sources */ = {isa = PBXBuildFile; fileRef = 3A13B37E2A94C56000545992 /* AppDelegate.swift */; };
		3A13B3812A94C56000545992 /* SceneDelegate.swift in Sources */ = {isa = PBXBuildFile; fileRef = 3A13B3802A94C56000545992 /* SceneDelegate.swift */; };
		3A13B3832A94C56000545992 /* CharactersListVC.swift in Sources */ = {isa = PBXBuildFile; fileRef = 3A13B3822A94C56000545992 /* CharactersListVC.swift */; };
		3A13B3882A94C56100545992 /* Assets.xcassets in Resources */ = {isa = PBXBuildFile; fileRef = 3A13B3872A94C56100545992 /* Assets.xcassets */; };
		3A13B38B2A94C56100545992 /* LaunchScreen.storyboard in Resources */ = {isa = PBXBuildFile; fileRef = 3A13B3892A94C56100545992 /* LaunchScreen.storyboard */; };
		3A13B3932A94CC0100545992 /* CharacterInfo.swift in Sources */ = {isa = PBXBuildFile; fileRef = 3A13B3922A94CC0100545992 /* CharacterInfo.swift */; };
		3A13B3952A94CDA600545992 /* CharacterCardsVC.swift in Sources */ = {isa = PBXBuildFile; fileRef = 3A13B3942A94CDA600545992 /* CharacterCardsVC.swift */; };
		3A13B3982A94CE3D00545992 /* Model.swift in Sources */ = {isa = PBXBuildFile; fileRef = 3A13B3972A94CE3D00545992 /* Model.swift */; };
		3A13B39B2A94CF1A00545992 /* Network.swift in Sources */ = {isa = PBXBuildFile; fileRef = 3A13B39A2A94CF1A00545992 /* Network.swift */; };
		3A70D3DC2A95DBEF009C779B /* CharacterInfoViewModel.swift in Sources */ = {isa = PBXBuildFile; fileRef = 3A70D3DB2A95DBEF009C779B /* CharacterInfoViewModel.swift */; };
		3A8897092A95F6E10016AEC4 /* Extensions.swift in Sources */ = {isa = PBXBuildFile; fileRef = 3A8897082A95F6E10016AEC4 /* Extensions.swift */; };
		3A88970C2A95F7390016AEC4 /* LabeledContent.swift in Sources */ = {isa = PBXBuildFile; fileRef = 3A88970B2A95F7390016AEC4 /* LabeledContent.swift */; };
		3A88970E2A95F7670016AEC4 /* InfoRoundedRectangle.swift in Sources */ = {isa = PBXBuildFile; fileRef = 3A88970D2A95F7670016AEC4 /* InfoRoundedRectangle.swift */; };
		3A8897102A95F7980016AEC4 /* Section.swift in Sources */ = {isa = PBXBuildFile; fileRef = 3A88970F2A95F7980016AEC4 /* Section.swift */; };
/* End PBXBuildFile section */

/* Begin PBXFileReference section */
		3A13B37B2A94C56000545992 /* RickMorty.app */ = {isa = PBXFileReference; explicitFileType = wrapper.application; includeInIndex = 0; path = RickMorty.app; sourceTree = BUILT_PRODUCTS_DIR; };
		3A13B37E2A94C56000545992 /* AppDelegate.swift */ = {isa = PBXFileReference; lastKnownFileType = sourcecode.swift; path = AppDelegate.swift; sourceTree = "<group>"; };
		3A13B3802A94C56000545992 /* SceneDelegate.swift */ = {isa = PBXFileReference; lastKnownFileType = sourcecode.swift; path = SceneDelegate.swift; sourceTree = "<group>"; };
		3A13B3822A94C56000545992 /* CharactersListVC.swift */ = {isa = PBXFileReference; lastKnownFileType = sourcecode.swift; path = CharactersListVC.swift; sourceTree = "<group>"; };
		3A13B3872A94C56100545992 /* Assets.xcassets */ = {isa = PBXFileReference; lastKnownFileType = folder.assetcatalog; path = Assets.xcassets; sourceTree = "<group>"; };
		3A13B38A2A94C56100545992 /* Base */ = {isa = PBXFileReference; lastKnownFileType = file.storyboard; name = Base; path = Base.lproj/LaunchScreen.storyboard; sourceTree = "<group>"; };
		3A13B38C2A94C56100545992 /* Info.plist */ = {isa = PBXFileReference; lastKnownFileType = text.plist.xml; path = Info.plist; sourceTree = "<group>"; };
		3A13B3922A94CC0100545992 /* CharacterInfo.swift */ = {isa = PBXFileReference; lastKnownFileType = sourcecode.swift; path = CharacterInfo.swift; sourceTree = "<group>"; };
		3A13B3942A94CDA600545992 /* CharacterCardsVC.swift */ = {isa = PBXFileReference; lastKnownFileType = sourcecode.swift; path = CharacterCardsVC.swift; sourceTree = "<group>"; };
		3A13B3972A94CE3D00545992 /* Model.swift */ = {isa = PBXFileReference; lastKnownFileType = sourcecode.swift; path = Model.swift; sourceTree = "<group>"; };
		3A13B39A2A94CF1A00545992 /* Network.swift */ = {isa = PBXFileReference; lastKnownFileType = sourcecode.swift; path = Network.swift; sourceTree = "<group>"; };
		3A70D3DB2A95DBEF009C779B /* CharacterInfoViewModel.swift */ = {isa = PBXFileReference; lastKnownFileType = sourcecode.swift; path = CharacterInfoViewModel.swift; sourceTree = "<group>"; };
		3A8897082A95F6E10016AEC4 /* Extensions.swift */ = {isa = PBXFileReference; lastKnownFileType = sourcecode.swift; path = Extensions.swift; sourceTree = "<group>"; };
		3A88970B2A95F7390016AEC4 /* LabeledContent.swift */ = {isa = PBXFileReference; lastKnownFileType = sourcecode.swift; path = LabeledContent.swift; sourceTree = "<group>"; };
		3A88970D2A95F7670016AEC4 /* InfoRoundedRectangle.swift */ = {isa = PBXFileReference; lastKnownFileType = sourcecode.swift; path = InfoRoundedRectangle.swift; sourceTree = "<group>"; };
		3A88970F2A95F7980016AEC4 /* Section.swift */ = {isa = PBXFileReference; lastKnownFileType = sourcecode.swift; path = Section.swift; sourceTree = "<group>"; };
/* End PBXFileReference section */

/* Begin PBXFrameworksBuildPhase section */
		3A13B3782A94C56000545992 /* Frameworks */ = {
			isa = PBXFrameworksBuildPhase;
			buildActionMask = 2147483647;
			files = (
			);
			runOnlyForDeploymentPostprocessing = 0;
		};
/* End PBXFrameworksBuildPhase section */

/* Begin PBXGroup section */
		3A13B3722A94C55F00545992 = {
			isa = PBXGroup;
			children = (
				3A13B37D2A94C56000545992 /* RickMorty */,
				3A13B37C2A94C56000545992 /* Products */,
			);
			sourceTree = "<group>";
		};
		3A13B37C2A94C56000545992 /* Products */ = {
			isa = PBXGroup;
			children = (
				3A13B37B2A94C56000545992 /* RickMorty.app */,
			);
			name = Products;
			sourceTree = "<group>";
		};
		3A13B37D2A94C56000545992 /* RickMorty */ = {
			isa = PBXGroup;
			children = (
				3A13B37E2A94C56000545992 /* AppDelegate.swift */,
				3A13B3802A94C56000545992 /* SceneDelegate.swift */,
				3A70D3DB2A95DBEF009C779B /* CharacterInfoViewModel.swift */,
				3A88970A2A95F7030016AEC4 /* Extensions */,
				3A13B3992A94CE4300545992 /* Model */,
				3A13B3962A94CE2000545992 /* View */,
				3A13B3872A94C56100545992 /* Assets.xcassets */,
				3A13B3892A94C56100545992 /* LaunchScreen.storyboard */,
				3A13B38C2A94C56100545992 /* Info.plist */,
			);
			path = RickMorty;
			sourceTree = "<group>";
		};
		3A13B3962A94CE2000545992 /* View */ = {
			isa = PBXGroup;
			children = (
				3A13B3822A94C56000545992 /* CharactersListVC.swift */,
				3A13B3942A94CDA600545992 /* CharacterCardsVC.swift */,
				3A13B3922A94CC0100545992 /* CharacterInfo.swift */,
				3A88970F2A95F7980016AEC4 /* Section.swift */,
				3A88970D2A95F7670016AEC4 /* InfoRoundedRectangle.swift */,
				3A88970B2A95F7390016AEC4 /* LabeledContent.swift */,
			);
			path = View;
			sourceTree = "<group>";
		};
		3A13B3992A94CE4300545992 /* Model */ = {
			isa = PBXGroup;
			children = (
				3A13B3972A94CE3D00545992 /* Model.swift */,
				3A13B39A2A94CF1A00545992 /* Network.swift */,
			);
			path = Model;
			sourceTree = "<group>";
		};
		3A88970A2A95F7030016AEC4 /* Extensions */ = {
			isa = PBXGroup;
			children = (
				3A8897082A95F6E10016AEC4 /* Extensions.swift */,
			);
			path = Extensions;
			sourceTree = "<group>";
		};
/* End PBXGroup section */

/* Begin PBXNativeTarget section */
		3A13B37A2A94C56000545992 /* RickMorty */ = {
			isa = PBXNativeTarget;
			buildConfigurationList = 3A13B38F2A94C56100545992 /* Build configuration list for PBXNativeTarget "RickMorty" */;
			buildPhases = (
				3A13B3772A94C56000545992 /* Sources */,
				3A13B3782A94C56000545992 /* Frameworks */,
				3A13B3792A94C56000545992 /* Resources */,
			);
			buildRules = (
			);
			dependencies = (
			);
			name = RickMorty;
			productName = RickMorty;
			productReference = 3A13B37B2A94C56000545992 /* RickMorty.app */;
			productType = "com.apple.product-type.application";
		};
/* End PBXNativeTarget section */

/* Begin PBXProject section */
		3A13B3732A94C55F00545992 /* Project object */ = {
			isa = PBXProject;
			attributes = {
				BuildIndependentTargetsInParallel = 1;
				LastSwiftUpdateCheck = 1430;
				LastUpgradeCheck = 1430;
				TargetAttributes = {
					3A13B37A2A94C56000545992 = {
						CreatedOnToolsVersion = 14.3;
					};
				};
			};
			buildConfigurationList = 3A13B3762A94C55F00545992 /* Build configuration list for PBXProject "RickMorty" */;
			compatibilityVersion = "Xcode 14.0";
			developmentRegion = en;
			hasScannedForEncodings = 0;
			knownRegions = (
				en,
				Base,
			);
			mainGroup = 3A13B3722A94C55F00545992;
			productRefGroup = 3A13B37C2A94C56000545992 /* Products */;
			projectDirPath = "";
			projectRoot = "";
			targets = (
				3A13B37A2A94C56000545992 /* RickMorty */,
			);
		};
/* End PBXProject section */

/* Begin PBXResourcesBuildPhase section */
		3A13B3792A94C56000545992 /* Resources */ = {
			isa = PBXResourcesBuildPhase;
			buildActionMask = 2147483647;
			files = (
				3A13B38B2A94C56100545992 /* LaunchScreen.storyboard in Resources */,
				3A13B3882A94C56100545992 /* Assets.xcassets in Resources */,
			);
			runOnlyForDeploymentPostprocessing = 0;
		};
/* End PBXResourcesBuildPhase section */

/* Begin PBXSourcesBuildPhase section */
		3A13B3772A94C56000545992 /* Sources */ = {
			isa = PBXSourcesBuildPhase;
			buildActionMask = 2147483647;
			files = (
				3A13B3832A94C56000545992 /* CharactersListVC.swift in Sources */,
				3A88970E2A95F7670016AEC4 /* InfoRoundedRectangle.swift in Sources */,
				3A8897092A95F6E10016AEC4 /* Extensions.swift in Sources */,
				3A13B37F2A94C56000545992 /* AppDelegate.swift in Sources */,
				3A88970C2A95F7390016AEC4 /* LabeledContent.swift in Sources */,
				3A13B3812A94C56000545992 /* SceneDelegate.swift in Sources */,
				3A13B3982A94CE3D00545992 /* Model.swift in Sources */,
				3A70D3DC2A95DBEF009C779B /* CharacterInfoViewModel.swift in Sources */,
				3A13B3932A94CC0100545992 /* CharacterInfo.swift in Sources */,
				3A8897102A95F7980016AEC4 /* Section.swift in Sources */,
				3A13B39B2A94CF1A00545992 /* Network.swift in Sources */,
				3A13B3952A94CDA600545992 /* CharacterCardsVC.swift in Sources */,
			);
			runOnlyForDeploymentPostprocessing = 0;
		};
/* End PBXSourcesBuildPhase section */

/* Begin PBXVariantGroup section */
		3A13B3892A94C56100545992 /* LaunchScreen.storyboard */ = {
			isa = PBXVariantGroup;
			children = (
				3A13B38A2A94C56100545992 /* Base */,
			);
			name = LaunchScreen.storyboard;
			sourceTree = "<group>";
		};
/* End PBXVariantGroup section */

/* Begin XCBuildConfiguration section */
		3A13B38D2A94C56100545992 /* Debug */ = {
			isa = XCBuildConfiguration;
			buildSettings = {
				ALWAYS_SEARCH_USER_PATHS = NO;
				CLANG_ANALYZER_NONNULL = YES;
				CLANG_ANALYZER_NUMBER_OBJECT_CONVERSION = YES_AGGRESSIVE;
				CLANG_CXX_LANGUAGE_STANDARD = "gnu++20";
				CLANG_ENABLE_MODULES = YES;
				CLANG_ENABLE_OBJC_ARC = YES;
				CLANG_ENABLE_OBJC_WEAK = YES;
				CLANG_WARN_BLOCK_CAPTURE_AUTORELEASING = YES;
				CLANG_WARN_BOOL_CONVERSION = YES;
				CLANG_WARN_COMMA = YES;
				CLANG_WARN_CONSTANT_CONVERSION = YES;
				CLANG_WARN_DEPRECATED_OBJC_IMPLEMENTATIONS = YES;
				CLANG_WARN_DIRECT_OBJC_ISA_USAGE = YES_ERROR;
				CLANG_WARN_DOCUMENTATION_COMMENTS = YES;
				CLANG_WARN_EMPTY_BODY = YES;
				CLANG_WARN_ENUM_CONVERSION = YES;
				CLANG_WARN_INFINITE_RECURSION = YES;
				CLANG_WARN_INT_CONVERSION = YES;
				CLANG_WARN_NON_LITERAL_NULL_CONVERSION = YES;
				CLANG_WARN_OBJC_IMPLICIT_RETAIN_SELF = YES;
				CLANG_WARN_OBJC_LITERAL_CONVERSION = YES;
				CLANG_WARN_OBJC_ROOT_CLASS = YES_ERROR;
				CLANG_WARN_QUOTED_INCLUDE_IN_FRAMEWORK_HEADER = YES;
				CLANG_WARN_RANGE_LOOP_ANALYSIS = YES;
				CLANG_WARN_STRICT_PROTOTYPES = YES;
				CLANG_WARN_SUSPICIOUS_MOVE = YES;
				CLANG_WARN_UNGUARDED_AVAILABILITY = YES_AGGRESSIVE;
				CLANG_WARN_UNREACHABLE_CODE = YES;
				CLANG_WARN__DUPLICATE_METHOD_MATCH = YES;
				COPY_PHASE_STRIP = NO;
				DEBUG_INFORMATION_FORMAT = dwarf;
				ENABLE_STRICT_OBJC_MSGSEND = YES;
				ENABLE_TESTABILITY = YES;
				GCC_C_LANGUAGE_STANDARD = gnu11;
				GCC_DYNAMIC_NO_PIC = NO;
				GCC_NO_COMMON_BLOCKS = YES;
				GCC_OPTIMIZATION_LEVEL = 0;
				GCC_PREPROCESSOR_DEFINITIONS = (
					"DEBUG=1",
					"$(inherited)",
				);
				GCC_WARN_64_TO_32_BIT_CONVERSION = YES;
				GCC_WARN_ABOUT_RETURN_TYPE = YES_ERROR;
				GCC_WARN_UNDECLARED_SELECTOR = YES;
				GCC_WARN_UNINITIALIZED_AUTOS = YES_AGGRESSIVE;
				GCC_WARN_UNUSED_FUNCTION = YES;
				GCC_WARN_UNUSED_VARIABLE = YES;
				IPHONEOS_DEPLOYMENT_TARGET = 16.4;
				MTL_ENABLE_DEBUG_INFO = INCLUDE_SOURCE;
				MTL_FAST_MATH = YES;
				ONLY_ACTIVE_ARCH = YES;
				SDKROOT = iphoneos;
				SWIFT_ACTIVE_COMPILATION_CONDITIONS = DEBUG;
				SWIFT_OPTIMIZATION_LEVEL = "-Onone";
			};
			name = Debug;
		};
		3A13B38E2A94C56100545992 /* Release */ = {
			isa = XCBuildConfiguration;
			buildSettings = {
				ALWAYS_SEARCH_USER_PATHS = NO;
				CLANG_ANALYZER_NONNULL = YES;
				CLANG_ANALYZER_NUMBER_OBJECT_CONVERSION = YES_AGGRESSIVE;
				CLANG_CXX_LANGUAGE_STANDARD = "gnu++20";
				CLANG_ENABLE_MODULES = YES;
				CLANG_ENABLE_OBJC_ARC = YES;
				CLANG_ENABLE_OBJC_WEAK = YES;
				CLANG_WARN_BLOCK_CAPTURE_AUTORELEASING = YES;
				CLANG_WARN_BOOL_CONVERSION = YES;
				CLANG_WARN_COMMA = YES;
				CLANG_WARN_CONSTANT_CONVERSION = YES;
				CLANG_WARN_DEPRECATED_OBJC_IMPLEMENTATIONS = YES;
				CLANG_WARN_DIRECT_OBJC_ISA_USAGE = YES_ERROR;
				CLANG_WARN_DOCUMENTATION_COMMENTS = YES;
				CLANG_WARN_EMPTY_BODY = YES;
				CLANG_WARN_ENUM_CONVERSION = YES;
				CLANG_WARN_INFINITE_RECURSION = YES;
				CLANG_WARN_INT_CONVERSION = YES;
				CLANG_WARN_NON_LITERAL_NULL_CONVERSION = YES;
				CLANG_WARN_OBJC_IMPLICIT_RETAIN_SELF = YES;
				CLANG_WARN_OBJC_LITERAL_CONVERSION = YES;
				CLANG_WARN_OBJC_ROOT_CLASS = YES_ERROR;
				CLANG_WARN_QUOTED_INCLUDE_IN_FRAMEWORK_HEADER = YES;
				CLANG_WARN_RANGE_LOOP_ANALYSIS = YES;
				CLANG_WARN_STRICT_PROTOTYPES = YES;
				CLANG_WARN_SUSPICIOUS_MOVE = YES;
				CLANG_WARN_UNGUARDED_AVAILABILITY = YES_AGGRESSIVE;
				CLANG_WARN_UNREACHABLE_CODE = YES;
				CLANG_WARN__DUPLICATE_METHOD_MATCH = YES;
				COPY_PHASE_STRIP = NO;
				DEBUG_INFORMATION_FORMAT = "dwarf-with-dsym";
				ENABLE_NS_ASSERTIONS = NO;
				ENABLE_STRICT_OBJC_MSGSEND = YES;
				GCC_C_LANGUAGE_STANDARD = gnu11;
				GCC_NO_COMMON_BLOCKS = YES;
				GCC_WARN_64_TO_32_BIT_CONVERSION = YES;
				GCC_WARN_ABOUT_RETURN_TYPE = YES_ERROR;
				GCC_WARN_UNDECLARED_SELECTOR = YES;
				GCC_WARN_UNINITIALIZED_AUTOS = YES_AGGRESSIVE;
				GCC_WARN_UNUSED_FUNCTION = YES;
				GCC_WARN_UNUSED_VARIABLE = YES;
				IPHONEOS_DEPLOYMENT_TARGET = 16.4;
				MTL_ENABLE_DEBUG_INFO = NO;
				MTL_FAST_MATH = YES;
				SDKROOT = iphoneos;
				SWIFT_COMPILATION_MODE = wholemodule;
				SWIFT_OPTIMIZATION_LEVEL = "-O";
				VALIDATE_PRODUCT = YES;
			};
			name = Release;
		};
		3A13B3902A94C56100545992 /* Debug */ = {
			isa = XCBuildConfiguration;
			buildSettings = {
				ASSETCATALOG_COMPILER_APPICON_NAME = AppIcon;
				ASSETCATALOG_COMPILER_GLOBAL_ACCENT_COLOR_NAME = AccentColor;
				CODE_SIGN_STYLE = Automatic;
				CURRENT_PROJECT_VERSION = 1;
				DEVELOPMENT_TEAM = CD2H8U7Z2G;
				GENERATE_INFOPLIST_FILE = YES;
				INFOPLIST_FILE = RickMorty/Info.plist;
				INFOPLIST_KEY_UIApplicationSupportsIndirectInputEvents = YES;
				INFOPLIST_KEY_UILaunchStoryboardName = LaunchScreen;
				INFOPLIST_KEY_UISupportedInterfaceOrientations_iPad = "UIInterfaceOrientationPortrait UIInterfaceOrientationPortraitUpsideDown UIInterfaceOrientationLandscapeLeft UIInterfaceOrientationLandscapeRight";
				INFOPLIST_KEY_UISupportedInterfaceOrientations_iPhone = "UIInterfaceOrientationPortrait UIInterfaceOrientationLandscapeLeft UIInterfaceOrientationLandscapeRight";
				LD_RUNPATH_SEARCH_PATHS = (
					"$(inherited)",
					"@executable_path/Frameworks",
				);
				MARKETING_VERSION = 1.0;
				PRODUCT_BUNDLE_IDENTIFIER = "Anton-Kasian.RickMorty";
				PRODUCT_NAME = "$(TARGET_NAME)";
				SUPPORTED_PLATFORMS = "iphoneos iphonesimulator";
				SUPPORTS_MACCATALYST = NO;
				SUPPORTS_MAC_DESIGNED_FOR_IPHONE_IPAD = NO;
				SWIFT_EMIT_LOC_STRINGS = YES;
				SWIFT_VERSION = 5.0;
				TARGETED_DEVICE_FAMILY = 1;
			};
			name = Debug;
		};
		3A13B3912A94C56100545992 /* Release */ = {
			isa = XCBuildConfiguration;
			buildSettings = {
				ASSETCATALOG_COMPILER_APPICON_NAME = AppIcon;
				ASSETCATALOG_COMPILER_GLOBAL_ACCENT_COLOR_NAME = AccentColor;
				CODE_SIGN_STYLE = Automatic;
				CURRENT_PROJECT_VERSION = 1;
				DEVELOPMENT_TEAM = CD2H8U7Z2G;
				GENERATE_INFOPLIST_FILE = YES;
				INFOPLIST_FILE = RickMorty/Info.plist;
				INFOPLIST_KEY_UIApplicationSupportsIndirectInputEvents = YES;
				INFOPLIST_KEY_UILaunchStoryboardName = LaunchScreen;
				INFOPLIST_KEY_UISupportedInterfaceOrientations_iPad = "UIInterfaceOrientationPortrait UIInterfaceOrientationPortraitUpsideDown UIInterfaceOrientationLandscapeLeft UIInterfaceOrientationLandscapeRight";
				INFOPLIST_KEY_UISupportedInterfaceOrientations_iPhone = "UIInterfaceOrientationPortrait UIInterfaceOrientationLandscapeLeft UIInterfaceOrientationLandscapeRight";
				LD_RUNPATH_SEARCH_PATHS = (
					"$(inherited)",
					"@executable_path/Frameworks",
				);
				MARKETING_VERSION = 1.0;
				PRODUCT_BUNDLE_IDENTIFIER = "Anton-Kasian.RickMorty";
				PRODUCT_NAME = "$(TARGET_NAME)";
				SUPPORTED_PLATFORMS = "iphoneos iphonesimulator";
				SUPPORTS_MACCATALYST = NO;
				SUPPORTS_MAC_DESIGNED_FOR_IPHONE_IPAD = NO;
				SWIFT_EMIT_LOC_STRINGS = YES;
				SWIFT_VERSION = 5.0;
				TARGETED_DEVICE_FAMILY = 1;
			};
			name = Release;
		};
/* End XCBuildConfiguration section */

/* Begin XCConfigurationList section */
		3A13B3762A94C55F00545992 /* Build configuration list for PBXProject "RickMorty" */ = {
			isa = XCConfigurationList;
			buildConfigurations = (
				3A13B38D2A94C56100545992 /* Debug */,
				3A13B38E2A94C56100545992 /* Release */,
			);
			defaultConfigurationIsVisible = 0;
			defaultConfigurationName = Release;
		};
		3A13B38F2A94C56100545992 /* Build configuration list for PBXNativeTarget "RickMorty" */ = {
			isa = XCConfigurationList;
			buildConfigurations = (
				3A13B3902A94C56100545992 /* Debug */,
				3A13B3912A94C56100545992 /* Release */,
			);
			defaultConfigurationIsVisible = 0;
			defaultConfigurationName = Release;
		};
/* End XCConfigurationList section */
	};
	rootObject = 3A13B3732A94C55F00545992 /* Project object */;
}
